<?xml version="1.0" encoding="utf-8"?>
<Project ToolsVersion="4.0" xmlns="http://schemas.microsoft.com/developer/msbuild/2003">
  <ItemGroup>
    <Filter Include="Core">
      <UniqueIdentifier>{2EB4837C-1AEB-840D-C3D7-6A10AFED000F}</UniqueIdentifier>
    </Filter>
    <Filter Include="Core\Component">
      <UniqueIdentifier>{101E4FE1-FCEB-42E7-E57F-B30DD1EC1E4C}</UniqueIdentifier>
    </Filter>
    <Filter Include="Core\Data">
      <UniqueIdentifier>{57F6BA15-C360-6F8C-0C9F-203278484DE1}</UniqueIdentifier>
    </Filter>
    <Filter Include="Core\Event">
      <UniqueIdentifier>{FF1F37CD-EBD7-781A-54DF-517640B6130B}</UniqueIdentifier>
    </Filter>
    <Filter Include="Core\Event\ApplicationEvents">
      <UniqueIdentifier>{37008333-23BB-72DF-CC72-EB29B80CBD6F}</UniqueIdentifier>
    </Filter>
    <Filter Include="Core\Event\InputEvents">
      <UniqueIdentifier>{330EA025-1F08-C977-0875-5F88F40D2FE4}</UniqueIdentifier>
    </Filter>
    <Filter Include="Core\Graphics">
      <UniqueIdentifier>{2E10C882-9AD0-43B9-630B-8D36CF8A8895}</UniqueIdentifier>
    </Filter>
    <Filter Include="Core\ImGui">
      <UniqueIdentifier>{D8137ACD-C4CB-BB1A-2DD3-947619AA560B}</UniqueIdentifier>
    </Filter>
    <Filter Include="Core\Layer">
      <UniqueIdentifier>{7A9BAACD-6653-EC1A-CF5A-C576BB31870B}</UniqueIdentifier>
    </Filter>
    <Filter Include="Core\Scene">
      <UniqueIdentifier>{CB0B2ACE-B7C3-6B1B-20CB-44770CA2060C}</UniqueIdentifier>
    </Filter>
    <Filter Include="Core\Utils">
      <UniqueIdentifier>{0EA057CE-FA57-991B-635F-72774F36340C}</UniqueIdentifier>
    </Filter>
    <Filter Include="Core\Window">
      <UniqueIdentifier>{5581319D-C136-AA92-4A2B-A469B6DFA096}</UniqueIdentifier>
    </Filter>
    <Filter Include="Core\Window\API">
      <UniqueIdentifier>{BE0827F2-2A94-94B6-33A5-17AB9FAFF0B6}</UniqueIdentifier>
    </Filter>
    <Filter Include="Scene">
      <UniqueIdentifier>{B3F7140E-1F0C-3DBF-E88D-E01E546139F0}</UniqueIdentifier>
    </Filter>
    <Filter Include="Scene\CommonOverlay">
      <UniqueIdentifier>{6D732F7A-D9D4-0C88-6242-533ACEA24347}</UniqueIdentifier>
    </Filter>
    <Filter Include="Scene\DemoEnums">
      <UniqueIdentifier>{2F82571D-9B0D-C5E1-A41E-48D6102921E2}</UniqueIdentifier>
    </Filter>
  </ItemGroup>
  <ItemGroup>
    <ClInclude Include="Core\Application.h">
      <Filter>Core</Filter>
    </ClInclude>
    <ClInclude Include="Core\AssetManager.h">
      <Filter>Core</Filter>
    </ClInclude>
    <ClInclude Include="Core\Component\LightComponent.h">
      <Filter>Core\Component</Filter>
    </ClInclude>
    <ClInclude Include="Core\Component\MaterialComponent.h">
      <Filter>Core\Component</Filter>
    </ClInclude>
    <ClInclude Include="Core\Component\RendererComponent.h">
      <Filter>Core\Component</Filter>
    </ClInclude>
    <ClInclude Include="Core\Component\TransformComponent.h">
      <Filter>Core\Component</Filter>
    </ClInclude>
    <ClInclude Include="Core\Data\BoundingBox.h">
      <Filter>Core\Data</Filter>
    </ClInclude>
    <ClInclude Include="Core\Data\Light.h">
      <Filter>Core\Data</Filter>
    </ClInclude>
    <ClInclude Include="Core\Data\Material.h">
      <Filter>Core\Data</Filter>
    </ClInclude>
    <ClInclude Include="Core\Data\Mesh.h">
      <Filter>Core\Data</Filter>
    </ClInclude>
    <ClInclude Include="Core\Data\Texture.h">
      <Filter>Core\Data</Filter>
    </ClInclude>
    <ClInclude Include="Core\Data\TextureData.h">
      <Filter>Core\Data</Filter>
    </ClInclude>
    <ClInclude Include="Core\Data\UV.h">
      <Filter>Core\Data</Filter>
    </ClInclude>
    <ClInclude Include="Core\Data\Vertex.h">
      <Filter>Core\Data</Filter>
    </ClInclude>
    <ClInclude Include="Core\EntryPoint.h">
      <Filter>Core</Filter>
    </ClInclude>
    <ClInclude Include="Core\Event\ApplicationEvents\ApplicationEvents.h">
      <Filter>Core\Event\ApplicationEvents</Filter>
    </ClInclude>
    <ClInclude Include="Core\Event\Event.h">
      <Filter>Core\Event</Filter>
    </ClInclude>
    <ClInclude Include="Core\Event\InputEvents\KeyBoardEvent.h">
      <Filter>Core\Event\InputEvents</Filter>
    </ClInclude>
    <ClInclude Include="Core\Graphics\Buffer.h">
      <Filter>Core\Graphics</Filter>
    </ClInclude>
    <ClInclude Include="Core\Graphics\Shader.h">
      <Filter>Core\Graphics</Filter>
    </ClInclude>
    <ClInclude Include="Core\Graphics\VertexArray.h">
      <Filter>Core\Graphics</Filter>
    </ClInclude>
    <ClInclude Include="Core\ImGui\ImGuiRenderer.h">
      <Filter>Core\ImGui</Filter>
    </ClInclude>
    <ClInclude Include="Core\Layer\Layer.h">
      <Filter>Core\Layer</Filter>
    </ClInclude>
    <ClInclude Include="Core\Layer\LayerManager.h">
      <Filter>Core\Layer</Filter>
    </ClInclude>
    <ClInclude Include="Core\Scene\Entity.h">
      <Filter>Core\Scene</Filter>
    </ClInclude>
    <ClInclude Include="Core\Scene\Scene.h">
      <Filter>Core\Scene</Filter>
    </ClInclude>
    <ClInclude Include="Core\Scene\SceneManager.h">
      <Filter>Core\Scene</Filter>
    </ClInclude>
    <ClInclude Include="Core\Utils\File.h">
      <Filter>Core\Utils</Filter>
    </ClInclude>
    <ClInclude Include="Core\Utils\KeyCodes.h">
      <Filter>Core\Utils</Filter>
    </ClInclude>
    <ClInclude Include="Core\Utils\Math.h">
      <Filter>Core\Utils</Filter>
    </ClInclude>
    <ClInclude Include="Core\Utils\MeshGenerator.h">
      <Filter>Core\Utils</Filter>
    </ClInclude>
    <ClInclude Include="Core\Utils\MouseCodes.h">
      <Filter>Core\Utils</Filter>
    </ClInclude>
    <ClInclude Include="Core\Utils\ObjParser.h">
      <Filter>Core\Utils</Filter>
    </ClInclude>
    <ClInclude Include="Core\Window\API\WindowGLFW.h">
      <Filter>Core\Window\API</Filter>
    </ClInclude>
    <ClInclude Include="Core\Window\Window.h">
      <Filter>Core\Window</Filter>
    </ClInclude>
    <ClInclude Include="Scene\CommonOverlay\CommonOverlay.h">
      <Filter>Scene\CommonOverlay</Filter>
    </ClInclude>
    <ClInclude Include="Scene\DemoEnums\DemoEnums.h">
      <Filter>Scene\DemoEnums</Filter>
    </ClInclude>
    <ClInclude Include="Scene\Scenario_1.h">
      <Filter>Scene</Filter>
    </ClInclude>
    <ClInclude Include="Scene\Scenario_2.h">
      <Filter>Scene</Filter>
    </ClInclude>
    <ClInclude Include="Scene\Scenario_3.h">
      <Filter>Scene</Filter>
    </ClInclude>
  </ItemGroup>
  <ItemGroup>
    <ClCompile Include="Core\Application.cpp">
      <Filter>Core</Filter>
    </ClCompile>
    <ClCompile Include="Core\AssetManager.cpp">
      <Filter>Core</Filter>
    </ClCompile>
    <ClCompile Include="Core\Component\RendererComponent.cpp">
      <Filter>Core\Component</Filter>
    </ClCompile>
    <ClCompile Include="Core\Component\TransformComponent.cpp">
      <Filter>Core\Component</Filter>
    </ClCompile>
    <ClCompile Include="Core\Data\Mesh.cpp">
      <Filter>Core\Data</Filter>
    </ClCompile>
    <ClCompile Include="Core\Data\Texture.cpp">
      <Filter>Core\Data</Filter>
    </ClCompile>
    <ClCompile Include="Core\Data\UV.cpp">
      <Filter>Core\Data</Filter>
    </ClCompile>
    <ClCompile Include="Core\Event\ApplicationEvents\ApplicationEvents.cpp">
      <Filter>Core\Event\ApplicationEvents</Filter>
    </ClCompile>
    <ClCompile Include="Core\Event\Event.cpp">
      <Filter>Core\Event</Filter>
    </ClCompile>
    <ClCompile Include="Core\Event\InputEvents\KeyBoardEvent.cpp">
      <Filter>Core\Event\InputEvents</Filter>
    </ClCompile>
    <ClCompile Include="Core\Graphics\Buffer.cpp">
      <Filter>Core\Graphics</Filter>
    </ClCompile>
    <ClCompile Include="Core\Graphics\Shader.cpp">
      <Filter>Core\Graphics</Filter>
    </ClCompile>
    <ClCompile Include="Core\Graphics\VertexArray.cpp">
      <Filter>Core\Graphics</Filter>
    </ClCompile>
    <ClCompile Include="Core\ImGui\BuildImGui.cpp">
      <Filter>Core\ImGui</Filter>
    </ClCompile>
    <ClCompile Include="Core\ImGui\ImGuiRenderer.cpp">
      <Filter>Core\ImGui</Filter>
    </ClCompile>
    <ClCompile Include="Core\Layer\LayerManager.cpp">
      <Filter>Core\Layer</Filter>
    </ClCompile>
    <ClCompile Include="Core\Scene\Entity.cpp">
      <Filter>Core\Scene</Filter>
    </ClCompile>
    <ClCompile Include="Core\Scene\Scene.cpp">
      <Filter>Core\Scene</Filter>
    </ClCompile>
    <ClCompile Include="Core\Scene\SceneManager.cpp">
      <Filter>Core\Scene</Filter>
    </ClCompile>
    <ClCompile Include="Core\Utils\File.cpp">
      <Filter>Core\Utils</Filter>
    </ClCompile>
    <ClCompile Include="Core\Utils\Math.cpp">
      <Filter>Core\Utils</Filter>
    </ClCompile>
    <ClCompile Include="Core\Utils\MeshGenerator.cpp">
      <Filter>Core\Utils</Filter>
    </ClCompile>
    <ClCompile Include="Core\Utils\ObjParser.cpp">
      <Filter>Core\Utils</Filter>
    </ClCompile>
    <ClCompile Include="Core\Utils\stb_impl.cpp">
      <Filter>Core\Utils</Filter>
    </ClCompile>
    <ClCompile Include="Core\Window\API\WindowGLFW.cpp">
      <Filter>Core\Window\API</Filter>
    </ClCompile>
    <ClCompile Include="Core\Window\Window.cpp">
      <Filter>Core\Window</Filter>
    </ClCompile>
    <ClCompile Include="Scene\CommonOverlay\CommonOverlay.cpp">
      <Filter>Scene\CommonOverlay</Filter>
    </ClCompile>
    <ClCompile Include="Scene\Scenario3.cpp">
      <Filter>Scene</Filter>
    </ClCompile>
    <ClCompile Include="Scene\Scenario_1.cpp">
      <Filter>Scene</Filter>
    </ClCompile>
    <ClCompile Include="Scene\Scenario_2.cpp">
      <Filter>Scene</Filter>
    </ClCompile>
    <ClCompile Include="main.cpp" />
  </ItemGroup>
</Project>